
Microsoft Visual Studio Solution File, Format Version 12.00
# Visual Studio 14
VisualStudioVersion = 14.0.25420.1
MinimumVisualStudioVersion = 10.0.40219.1
Project("{FAE04EC0-301F-11D3-BF4B-00C04F79EFBC}") = "AutoF", "AutoF\AutoF.csproj", "{44BA3D02-8602-4FEA-A06F-50772729C0B6}"
EndProject
Project("{FAE04EC0-301F-11D3-BF4B-00C04F79EFBC}") = "DaoAuto", "DaoAuto\DaoAuto.csproj", "{1606E66B-93E4-4077-8AF2-2BEB10BFBE27}"
EndProject
Global
	GlobalSection(SolutionConfigurationPlatforms) = preSolution
		Debug|Any CPU = Debug|Any CPU
		Release|Any CPU = Release|Any CPU
	EndGlobalSection
	GlobalSection(ProjectConfigurationPlatforms) = postSolution
		{44BA3D02-8602-4FEA-A06F-50772729C0B6}.Debug|Any CPU.ActiveCfg = Debug|Any CPU
		{44BA3D02-8602-4FEA-A06F-50772729C0B6}.Debug|Any CPU.Build.0 = Debug|Any CPU
		{44BA3D02-8602-4FEA-A06F-50772729C0B6}.Release|Any CPU.ActiveCfg = Release|Any CPU
		{44BA3D02-8602-4FEA-A06F-50772729C0B6}.Release|Any CPU.Build.0 = Release|Any CPU
		{1606E66B-93E4-4077-8AF2-2BEB10BFBE27}.Debug|Any CPU.ActiveCfg = Debug|Any CPU
		{1606E66B-93E4-4077-8AF2-2BEB10BFBE27}.Debug|Any CPU.Build.0 = Debug|Any CPU
		{1606E66B-93E4-4077-8AF2-2BEB10BFBE27}.Release|Any CPU.ActiveCfg = Release|Any CPU
		{1606E66B-93E4-4077-8AF2-2BEB10BFBE27}.Release|Any CPU.Build.0 = Release|Any CPU
	EndGlobalSection
	GlobalSection(SolutionProperties) = preSolution
		HideSolutionNode = FALSE
	EndGlobalSection
EndGlobal
